
Microsoft Visual Studio Solution File, Format Version 12.00
# Visual Studio Version 17
VisualStudioVersion = 17.13.35931.197 d17.13
MinimumVisualStudioVersion = 10.0.40219.1
Project("{FAE04EC0-301F-11D3-BF4B-00C04F79EFBC}") = "CartonCapsService", "CartonCapsService\CartonCapsService.csproj", "{91B67E53-F4E1-4C08-8529-83B54BF54E84}"
EndProject
Project("{FAE04EC0-301F-11D3-BF4B-00C04F79EFBC}") = "CartonCapService.Test", "CartonCapService.Test\CartonCapService.Test.csproj", "{4C955659-C8DA-461A-A1F5-3C2C1C18E5B9}"
EndProject
Global
	GlobalSection(SolutionConfigurationPlatforms) = preSolution
		Debug|Any CPU = Debug|Any CPU
		Release|Any CPU = Release|Any CPU
	EndGlobalSection
	GlobalSection(ProjectConfigurationPlatforms) = postSolution
		{91B67E53-F4E1-4C08-8529-83B54BF54E84}.Debug|Any CPU.ActiveCfg = Debug|Any CPU
		{91B67E53-F4E1-4C08-8529-83B54BF54E84}.Debug|Any CPU.Build.0 = Debug|Any CPU
		{91B67E53-F4E1-4C08-8529-83B54BF54E84}.Release|Any CPU.ActiveCfg = Release|Any CPU
		{91B67E53-F4E1-4C08-8529-83B54BF54E84}.Release|Any CPU.Build.0 = Release|Any CPU
		{4C955659-C8DA-461A-A1F5-3C2C1C18E5B9}.Debug|Any CPU.ActiveCfg = Debug|Any CPU
		{4C955659-C8DA-461A-A1F5-3C2C1C18E5B9}.Debug|Any CPU.Build.0 = Debug|Any CPU
		{4C955659-C8DA-461A-A1F5-3C2C1C18E5B9}.Release|Any CPU.ActiveCfg = Release|Any CPU
		{4C955659-C8DA-461A-A1F5-3C2C1C18E5B9}.Release|Any CPU.Build.0 = Release|Any CPU
	EndGlobalSection
	GlobalSection(SolutionProperties) = preSolution
		HideSolutionNode = FALSE
	EndGlobalSection
	GlobalSection(ExtensibilityGlobals) = postSolution
		SolutionGuid = {53778DCA-39E0-4901-866B-A10DDC46F374}
	EndGlobalSection
EndGlobal
